
Microsoft Visual Studio Solution File, Format Version 12.00
# Visual Studio 14
VisualStudioVersion = 14.0.25123.0
MinimumVisualStudioVersion = 10.0.40219.1
Project("{FAE04EC0-301F-11D3-BF4B-00C04F79EFBC}") = "AVLTree", "AVL-Tree\AVLTree.csproj", "{B242D840-2569-4ED9-BBC7-10611466B53C}"
EndProject
Project("{FAE04EC0-301F-11D3-BF4B-00C04F79EFBC}") = "TreeTests", "TreeTests\TreeTests.csproj", "{BE275087-3C55-4492-8873-3D63875C1172}"
EndProject
Global
	GlobalSection(SolutionConfigurationPlatforms) = preSolution
		Debug|Any CPU = Debug|Any CPU
		Release|Any CPU = Release|Any CPU
	EndGlobalSection
	GlobalSection(ProjectConfigurationPlatforms) = postSolution
		{B242D840-2569-4ED9-BBC7-10611466B53C}.Debug|Any CPU.ActiveCfg = Debug|Any CPU
		{B242D840-2569-4ED9-BBC7-10611466B53C}.Debug|Any CPU.Build.0 = Debug|Any CPU
		{B242D840-2569-4ED9-BBC7-10611466B53C}.Release|Any CPU.ActiveCfg = Release|Any CPU
		{B242D840-2569-4ED9-BBC7-10611466B53C}.Release|Any CPU.Build.0 = Release|Any CPU
		{BE275087-3C55-4492-8873-3D63875C1172}.Debug|Any CPU.ActiveCfg = Debug|Any CPU
		{BE275087-3C55-4492-8873-3D63875C1172}.Debug|Any CPU.Build.0 = Debug|Any CPU
		{BE275087-3C55-4492-8873-3D63875C1172}.Release|Any CPU.ActiveCfg = Release|Any CPU
		{BE275087-3C55-4492-8873-3D63875C1172}.Release|Any CPU.Build.0 = Release|Any CPU
	EndGlobalSection
	GlobalSection(SolutionProperties) = preSolution
		HideSolutionNode = FALSE
	EndGlobalSection
EndGlobal
